
Microsoft Visual Studio Solution File, Format Version 12.00
# Visual Studio Version 16
VisualStudioVersion = 16.0.30320.27
MinimumVisualStudioVersion = 10.0.40219.1
Project("{FAE04EC0-301F-11D3-BF4B-00C04F79EFBC}") = "WebApplication1", "WebApplication1\WebApplication1.csproj", "{AD60996F-0D79-435C-B19C-7B7D008EB03B}"
EndProject
Project("{FAE04EC0-301F-11D3-BF4B-00C04F79EFBC}") = "ClassLibrary1", "ClassLibrary1\ClassLibrary1.csproj", "{3CCBD53D-0120-4157-B5B0-78FF22C574B5}"
EndProject
Global
	GlobalSection(SolutionConfigurationPlatforms) = preSolution
		Debug|Any CPU = Debug|Any CPU
		Release|Any CPU = Release|Any CPU
	EndGlobalSection
	GlobalSection(ProjectConfigurationPlatforms) = postSolution
		{AD60996F-0D79-435C-B19C-7B7D008EB03B}.Debug|Any CPU.ActiveCfg = Debug|Any CPU
		{AD60996F-0D79-435C-B19C-7B7D008EB03B}.Debug|Any CPU.Build.0 = Debug|Any CPU
		{AD60996F-0D79-435C-B19C-7B7D008EB03B}.Release|Any CPU.ActiveCfg = Release|Any CPU
		{AD60996F-0D79-435C-B19C-7B7D008EB03B}.Release|Any CPU.Build.0 = Release|Any CPU
		{3CCBD53D-0120-4157-B5B0-78FF22C574B5}.Debug|Any CPU.ActiveCfg = Debug|Any CPU
		{3CCBD53D-0120-4157-B5B0-78FF22C574B5}.Debug|Any CPU.Build.0 = Debug|Any CPU
		{3CCBD53D-0120-4157-B5B0-78FF22C574B5}.Release|Any CPU.ActiveCfg = Release|Any CPU
		{3CCBD53D-0120-4157-B5B0-78FF22C574B5}.Release|Any CPU.Build.0 = Release|Any CPU
	EndGlobalSection
	GlobalSection(SolutionProperties) = preSolution
		HideSolutionNode = FALSE
	EndGlobalSection
	GlobalSection(ExtensibilityGlobals) = postSolution
		SolutionGuid = {0E2337B1-A655-4F7F-9381-D2BBA2804E6E}
	EndGlobalSection
EndGlobal
